
Microsoft Visual Studio Solution File, Format Version 12.00
# Visual Studio 15
Project("{FAE04EC0-301F-11D3-BF4B-00C04F79EFBC}") = "Jimmy.SpiderBeat", "Jimmy.SpiderBeat.csproj", "{B818C29F-5190-D090-C25D-C116394EF9B8}"
EndProject
Project("{FAE04EC0-301F-11D3-BF4B-00C04F79EFBC}") = "Jimmy.SpiderBeat.Editor", "Jimmy.SpiderBeat.Editor.csproj", "{582B9D72-032E-E9AE-864C-F05EC9E3F204}"
EndProject
Global
	GlobalSection(SolutionConfigurationPlatforms) = preSolution
		Debug|Any CPU = Debug|Any CPU
		Release|Any CPU = Release|Any CPU
	EndGlobalSection
	GlobalSection(ProjectConfigurationPlatforms) = postSolution
		{B818C29F-5190-D090-C25D-C116394EF9B8}.Debug|Any CPU.ActiveCfg = Debug|Any CPU
		{B818C29F-5190-D090-C25D-C116394EF9B8}.Debug|Any CPU.Build.0 = Debug|Any CPU
		{B818C29F-5190-D090-C25D-C116394EF9B8}.Release|Any CPU.ActiveCfg = Release|Any CPU
		{B818C29F-5190-D090-C25D-C116394EF9B8}.Release|Any CPU.Build.0 = Release|Any CPU
		{582B9D72-032E-E9AE-864C-F05EC9E3F204}.Debug|Any CPU.ActiveCfg = Debug|Any CPU
		{582B9D72-032E-E9AE-864C-F05EC9E3F204}.Debug|Any CPU.Build.0 = Debug|Any CPU
		{582B9D72-032E-E9AE-864C-F05EC9E3F204}.Release|Any CPU.ActiveCfg = Release|Any CPU
		{582B9D72-032E-E9AE-864C-F05EC9E3F204}.Release|Any CPU.Build.0 = Release|Any CPU
	EndGlobalSection
	GlobalSection(SolutionProperties) = preSolution
		HideSolutionNode = FALSE
	EndGlobalSection
EndGlobal
